// !$*UTF8*$!
{
	archiveVersion = 1;
	classes = {
	};
	objectVersion = 50;
	objects = {

/* Begin PBXBuildFile section */
		DE5712B7251636F40069458F /* ReduxPrototypeApp.swift in Sources */ = {isa = PBXBuildFile; fileRef = DE5712B6251636F40069458F /* ReduxPrototypeApp.swift */; };
		DE5712BB251636F70069458F /* Assets.xcassets in Resources */ = {isa = PBXBuildFile; fileRef = DE5712BA251636F70069458F /* Assets.xcassets */; };
		DE5712BE251636F70069458F /* Preview Assets.xcassets in Resources */ = {isa = PBXBuildFile; fileRef = DE5712BD251636F70069458F /* Preview Assets.xcassets */; };
		DE5712CD251637920069458F /* HomeView.swift in Sources */ = {isa = PBXBuildFile; fileRef = DE5712CC251637920069458F /* HomeView.swift */; };
		DE5712D2251637A60069458F /* PostsView.swift in Sources */ = {isa = PBXBuildFile; fileRef = DE5712D1251637A60069458F /* PostsView.swift */; };
		DE5712D8251637D40069458F /* CommentsView.swift in Sources */ = {isa = PBXBuildFile; fileRef = DE5712D7251637D40069458F /* CommentsView.swift */; };
		DE66D01825163F7700084854 /* PostsService.swift in Sources */ = {isa = PBXBuildFile; fileRef = DE66D01725163F7700084854 /* PostsService.swift */; };
		DE8FAA82251639E1004DFA0F /* Store.swift in Sources */ = {isa = PBXBuildFile; fileRef = DE8FAA81251639E1004DFA0F /* Store.swift */; };
		DE8FAA85251639FC004DFA0F /* AppState.swift in Sources */ = {isa = PBXBuildFile; fileRef = DE8FAA84251639FC004DFA0F /* AppState.swift */; };
		DE8FAA8825163A16004DFA0F /* HomeState.swift in Sources */ = {isa = PBXBuildFile; fileRef = DE8FAA8725163A16004DFA0F /* HomeState.swift */; };
		DE8FAA8B25163A28004DFA0F /* PostsState.swift in Sources */ = {isa = PBXBuildFile; fileRef = DE8FAA8A25163A28004DFA0F /* PostsState.swift */; };
		DE8FAA8F25163A54004DFA0F /* Post.swift in Sources */ = {isa = PBXBuildFile; fileRef = DE8FAA8E25163A54004DFA0F /* Post.swift */; };
		DE8FAA9325163B52004DFA0F /* AppEvent.swift in Sources */ = {isa = PBXBuildFile; fileRef = DE8FAA9225163B52004DFA0F /* AppEvent.swift */; };
		DE8FAA9625163B5F004DFA0F /* PostsEvent.swift in Sources */ = {isa = PBXBuildFile; fileRef = DE8FAA9525163B5F004DFA0F /* PostsEvent.swift */; };
		DE8FAA9925163B74004DFA0F /* HomeEvent.swift in Sources */ = {isa = PBXBuildFile; fileRef = DE8FAA9825163B74004DFA0F /* HomeEvent.swift */; };
		DE8FAA9C25163BBF004DFA0F /* AppReducer.swift in Sources */ = {isa = PBXBuildFile; fileRef = DE8FAA9B25163BBF004DFA0F /* AppReducer.swift */; };
		DE8FAA9F25163C05004DFA0F /* HomeReducer.swift in Sources */ = {isa = PBXBuildFile; fileRef = DE8FAA9E25163C05004DFA0F /* HomeReducer.swift */; };
		DE8FAAA225163C33004DFA0F /* PostsReducer.swift in Sources */ = {isa = PBXBuildFile; fileRef = DE8FAAA125163C33004DFA0F /* PostsReducer.swift */; };
		DE8FAAA525163D53004DFA0F /* Store+Posts.swift in Sources */ = {isa = PBXBuildFile; fileRef = DE8FAAA425163D53004DFA0F /* Store+Posts.swift */; };
		DE8FAAAA25163EB2004DFA0F /* NetworkClient.swift in Sources */ = {isa = PBXBuildFile; fileRef = DE8FAAA925163EB2004DFA0F /* NetworkClient.swift */; };
		DED42091251648EE00E5A97E /* PostView.swift in Sources */ = {isa = PBXBuildFile; fileRef = DED42090251648EE00E5A97E /* PostView.swift */; };
		DED4209725164AC600E5A97E /* CommentsSeervice.swift in Sources */ = {isa = PBXBuildFile; fileRef = DED4209625164AC600E5A97E /* CommentsSeervice.swift */; };
		DED4209D25164B0500E5A97E /* URLDataTaskPublisher+Convenience.swift in Sources */ = {isa = PBXBuildFile; fileRef = DED4209C25164B0500E5A97E /* URLDataTaskPublisher+Convenience.swift */; };
		DED420A125164BC800E5A97E /* Comment.swift in Sources */ = {isa = PBXBuildFile; fileRef = DED420A025164BC800E5A97E /* Comment.swift */; };
		DED420A625164C1000E5A97E /* CommentsState.swift in Sources */ = {isa = PBXBuildFile; fileRef = DED420A525164C1000E5A97E /* CommentsState.swift */; };
		DED420AA25164C3700E5A97E /* CommentsEvent.swift in Sources */ = {isa = PBXBuildFile; fileRef = DED420A925164C3700E5A97E /* CommentsEvent.swift */; };
		DED420AD25164C6300E5A97E /* CommentsReducer.swift in Sources */ = {isa = PBXBuildFile; fileRef = DED420AC25164C6300E5A97E /* CommentsReducer.swift */; };
		DED420B125164D1A00E5A97E /* Store+Comments.swift in Sources */ = {isa = PBXBuildFile; fileRef = DED420B025164D1A00E5A97E /* Store+Comments.swift */; };
		DED420B425164DC600E5A97E /* CommentView.swift in Sources */ = {isa = PBXBuildFile; fileRef = DED420B325164DC600E5A97E /* CommentView.swift */; };
/* End PBXBuildFile section */

/* Begin PBXFileReference section */
		DE5712B3251636F40069458F /* ReduxPrototype.app */ = {isa = PBXFileReference; explicitFileType = wrapper.application; includeInIndex = 0; path = ReduxPrototype.app; sourceTree = BUILT_PRODUCTS_DIR; };
		DE5712B6251636F40069458F /* ReduxPrototypeApp.swift */ = {isa = PBXFileReference; lastKnownFileType = sourcecode.swift; path = ReduxPrototypeApp.swift; sourceTree = "<group>"; };
		DE5712BA251636F70069458F /* Assets.xcassets */ = {isa = PBXFileReference; lastKnownFileType = folder.assetcatalog; path = Assets.xcassets; sourceTree = "<group>"; };
		DE5712BD251636F70069458F /* Preview Assets.xcassets */ = {isa = PBXFileReference; lastKnownFileType = folder.assetcatalog; path = "Preview Assets.xcassets"; sourceTree = "<group>"; };
		DE5712BF251636F70069458F /* Info.plist */ = {isa = PBXFileReference; lastKnownFileType = text.plist.xml; path = Info.plist; sourceTree = "<group>"; };
		DE5712CC251637920069458F /* HomeView.swift */ = {isa = PBXFileReference; lastKnownFileType = sourcecode.swift; path = HomeView.swift; sourceTree = "<group>"; };
		DE5712D1251637A60069458F /* PostsView.swift */ = {isa = PBXFileReference; lastKnownFileType = sourcecode.swift; path = PostsView.swift; sourceTree = "<group>"; };
		DE5712D7251637D40069458F /* CommentsView.swift */ = {isa = PBXFileReference; lastKnownFileType = sourcecode.swift; path = CommentsView.swift; sourceTree = "<group>"; };
		DE66D01725163F7700084854 /* PostsService.swift */ = {isa = PBXFileReference; lastKnownFileType = sourcecode.swift; path = PostsService.swift; sourceTree = "<group>"; };
		DE8FAA81251639E1004DFA0F /* Store.swift */ = {isa = PBXFileReference; lastKnownFileType = sourcecode.swift; path = Store.swift; sourceTree = "<group>"; };
		DE8FAA84251639FC004DFA0F /* AppState.swift */ = {isa = PBXFileReference; lastKnownFileType = sourcecode.swift; path = AppState.swift; sourceTree = "<group>"; };
		DE8FAA8725163A16004DFA0F /* HomeState.swift */ = {isa = PBXFileReference; lastKnownFileType = sourcecode.swift; path = HomeState.swift; sourceTree = "<group>"; };
		DE8FAA8A25163A28004DFA0F /* PostsState.swift */ = {isa = PBXFileReference; lastKnownFileType = sourcecode.swift; path = PostsState.swift; sourceTree = "<group>"; };
		DE8FAA8E25163A54004DFA0F /* Post.swift */ = {isa = PBXFileReference; lastKnownFileType = sourcecode.swift; path = Post.swift; sourceTree = "<group>"; };
		DE8FAA9225163B52004DFA0F /* AppEvent.swift */ = {isa = PBXFileReference; lastKnownFileType = sourcecode.swift; path = AppEvent.swift; sourceTree = "<group>"; };
		DE8FAA9525163B5F004DFA0F /* PostsEvent.swift */ = {isa = PBXFileReference; lastKnownFileType = sourcecode.swift; path = PostsEvent.swift; sourceTree = "<group>"; };
		DE8FAA9825163B74004DFA0F /* HomeEvent.swift */ = {isa = PBXFileReference; lastKnownFileType = sourcecode.swift; path = HomeEvent.swift; sourceTree = "<group>"; };
		DE8FAA9B25163BBF004DFA0F /* AppReducer.swift */ = {isa = PBXFileReference; lastKnownFileType = sourcecode.swift; path = AppReducer.swift; sourceTree = "<group>"; };
		DE8FAA9E25163C05004DFA0F /* HomeReducer.swift */ = {isa = PBXFileReference; lastKnownFileType = sourcecode.swift; path = HomeReducer.swift; sourceTree = "<group>"; };
		DE8FAAA125163C33004DFA0F /* PostsReducer.swift */ = {isa = PBXFileReference; lastKnownFileType = sourcecode.swift; path = PostsReducer.swift; sourceTree = "<group>"; };
		DE8FAAA425163D53004DFA0F /* Store+Posts.swift */ = {isa = PBXFileReference; lastKnownFileType = sourcecode.swift; path = "Store+Posts.swift"; sourceTree = "<group>"; };
		DE8FAAA925163EB2004DFA0F /* NetworkClient.swift */ = {isa = PBXFileReference; lastKnownFileType = sourcecode.swift; path = NetworkClient.swift; sourceTree = "<group>"; };
		DED42090251648EE00E5A97E /* PostView.swift */ = {isa = PBXFileReference; lastKnownFileType = sourcecode.swift; path = PostView.swift; sourceTree = "<group>"; };
		DED4209625164AC600E5A97E /* CommentsSeervice.swift */ = {isa = PBXFileReference; lastKnownFileType = sourcecode.swift; path = CommentsSeervice.swift; sourceTree = "<group>"; };
		DED4209C25164B0500E5A97E /* URLDataTaskPublisher+Convenience.swift */ = {isa = PBXFileReference; lastKnownFileType = sourcecode.swift; path = "URLDataTaskPublisher+Convenience.swift"; sourceTree = "<group>"; };
		DED420A025164BC800E5A97E /* Comment.swift */ = {isa = PBXFileReference; lastKnownFileType = sourcecode.swift; path = Comment.swift; sourceTree = "<group>"; };
		DED420A525164C1000E5A97E /* CommentsState.swift */ = {isa = PBXFileReference; lastKnownFileType = sourcecode.swift; path = CommentsState.swift; sourceTree = "<group>"; };
		DED420A925164C3700E5A97E /* CommentsEvent.swift */ = {isa = PBXFileReference; lastKnownFileType = sourcecode.swift; path = CommentsEvent.swift; sourceTree = "<group>"; };
		DED420AC25164C6300E5A97E /* CommentsReducer.swift */ = {isa = PBXFileReference; lastKnownFileType = sourcecode.swift; path = CommentsReducer.swift; sourceTree = "<group>"; };
		DED420B025164D1A00E5A97E /* Store+Comments.swift */ = {isa = PBXFileReference; lastKnownFileType = sourcecode.swift; path = "Store+Comments.swift"; sourceTree = "<group>"; };
		DED420B325164DC600E5A97E /* CommentView.swift */ = {isa = PBXFileReference; lastKnownFileType = sourcecode.swift; path = CommentView.swift; sourceTree = "<group>"; };
/* End PBXFileReference section */

/* Begin PBXFrameworksBuildPhase section */
		DE5712B0251636F40069458F /* Frameworks */ = {
			isa = PBXFrameworksBuildPhase;
			buildActionMask = 2147483647;
			files = (
			);
			runOnlyForDeploymentPostprocessing = 0;
		};
/* End PBXFrameworksBuildPhase section */

/* Begin PBXGroup section */
		DE5712AA251636F40069458F = {
			isa = PBXGroup;
			children = (
				DE5712B5251636F40069458F /* ReduxPrototype */,
				DE5712B4251636F40069458F /* Products */,
			);
			sourceTree = "<group>";
		};
		DE5712B4251636F40069458F /* Products */ = {
			isa = PBXGroup;
			children = (
				DE5712B3251636F40069458F /* ReduxPrototype.app */,
			);
			name = Products;
			sourceTree = "<group>";
		};
		DE5712B5251636F40069458F /* ReduxPrototype */ = {
			isa = PBXGroup;
			children = (
				DE8FAAA725163E9E004DFA0F /* Common */,
				DE5712CA251637840069458F /* Fetaures */,
				DE5712C92516376C0069458F /* Supporting Files */,
				DE5712C8251637660069458F /* Resources */,
				DE5712C72516375F0069458F /* Application */,
				DE5712BC251636F70069458F /* Preview Content */,
			);
			path = ReduxPrototype;
			sourceTree = "<group>";
		};
		DE5712BC251636F70069458F /* Preview Content */ = {
			isa = PBXGroup;
			children = (
				DE5712BD251636F70069458F /* Preview Assets.xcassets */,
			);
			path = "Preview Content";
			sourceTree = "<group>";
		};
		DE5712C72516375F0069458F /* Application */ = {
			isa = PBXGroup;
			children = (
				DE5712B6251636F40069458F /* ReduxPrototypeApp.swift */,
				DE8FAA81251639E1004DFA0F /* Store.swift */,
				DE8FAA84251639FC004DFA0F /* AppState.swift */,
				DE8FAA9225163B52004DFA0F /* AppEvent.swift */,
				DE8FAA9B25163BBF004DFA0F /* AppReducer.swift */,
			);
			path = Application;
			sourceTree = "<group>";
		};
		DE5712C8251637660069458F /* Resources */ = {
			isa = PBXGroup;
			children = (
				DE5712BA251636F70069458F /* Assets.xcassets */,
			);
			path = Resources;
			sourceTree = "<group>";
		};
		DE5712C92516376C0069458F /* Supporting Files */ = {
			isa = PBXGroup;
			children = (
				DE5712BF251636F70069458F /* Info.plist */,
			);
			path = "Supporting Files";
			sourceTree = "<group>";
		};
		DE5712CA251637840069458F /* Fetaures */ = {
			isa = PBXGroup;
			children = (
				DE5712D5251637CB0069458F /* Comments */,
				DE5712CF251637960069458F /* Posts */,
				DE5712CB251637880069458F /* Home */,
			);
			path = Fetaures;
			sourceTree = "<group>";
		};
		DE5712CB251637880069458F /* Home */ = {
			isa = PBXGroup;
			children = (
				DE5712CC251637920069458F /* HomeView.swift */,
				DE8FAA8725163A16004DFA0F /* HomeState.swift */,
				DE8FAA9825163B74004DFA0F /* HomeEvent.swift */,
				DE8FAA9E25163C05004DFA0F /* HomeReducer.swift */,
			);
			path = Home;
			sourceTree = "<group>";
		};
		DE5712CF251637960069458F /* Posts */ = {
			isa = PBXGroup;
			children = (
				DED4208F251648CE00E5A97E /* Helpers */,
				DED4208E251648C100E5A97E /* View */,
				DED4208D251648BC00E5A97E /* Redux */,
				DE8FAA8D25163A50004DFA0F /* Model */,
			);
			path = Posts;
			sourceTree = "<group>";
		};
		DE5712D5251637CB0069458F /* Comments */ = {
			isa = PBXGroup;
			children = (
				DED420A425164C0600E5A97E /* Redux */,
				DED4209F25164BC100E5A97E /* Model */,
				DED4209525164AB900E5A97E /* Helpers */,
				DED4209425164AB200E5A97E /* View */,
			);
			path = Comments;
			sourceTree = "<group>";
		};
		DE8FAA8D25163A50004DFA0F /* Model */ = {
			isa = PBXGroup;
			children = (
				DE8FAA8E25163A54004DFA0F /* Post.swift */,
			);
			path = Model;
			sourceTree = "<group>";
		};
		DE8FAAA725163E9E004DFA0F /* Common */ = {
			isa = PBXGroup;
			children = (
				DED4209A25164ADD00E5A97E /* Extension */,
				DE8FAAA825163EA3004DFA0F /* Networking */,
			);
			path = Common;
			sourceTree = "<group>";
		};
		DE8FAAA825163EA3004DFA0F /* Networking */ = {
			isa = PBXGroup;
			children = (
				DE8FAAA925163EB2004DFA0F /* NetworkClient.swift */,
			);
			path = Networking;
			sourceTree = "<group>";
		};
		DED4208D251648BC00E5A97E /* Redux */ = {
			isa = PBXGroup;
			children = (
				DE8FAA8A25163A28004DFA0F /* PostsState.swift */,
				DE8FAA9525163B5F004DFA0F /* PostsEvent.swift */,
				DE8FAAA125163C33004DFA0F /* PostsReducer.swift */,
				DE8FAAA425163D53004DFA0F /* Store+Posts.swift */,
			);
			path = Redux;
			sourceTree = "<group>";
		};
		DED4208E251648C100E5A97E /* View */ = {
			isa = PBXGroup;
			children = (
				DE5712D1251637A60069458F /* PostsView.swift */,
				DED42090251648EE00E5A97E /* PostView.swift */,
			);
			path = View;
			sourceTree = "<group>";
		};
		DED4208F251648CE00E5A97E /* Helpers */ = {
			isa = PBXGroup;
			children = (
				DE66D01725163F7700084854 /* PostsService.swift */,
			);
			path = Helpers;
			sourceTree = "<group>";
		};
		DED4209425164AB200E5A97E /* View */ = {
			isa = PBXGroup;
			children = (
				DE5712D7251637D40069458F /* CommentsView.swift */,
				DED420B325164DC600E5A97E /* CommentView.swift */,
			);
			path = View;
			sourceTree = "<group>";
		};
		DED4209525164AB900E5A97E /* Helpers */ = {
			isa = PBXGroup;
			children = (
				DED4209625164AC600E5A97E /* CommentsSeervice.swift */,
			);
			path = Helpers;
			sourceTree = "<group>";
		};
		DED4209A25164ADD00E5A97E /* Extension */ = {
			isa = PBXGroup;
			children = (
				DED4209C25164B0500E5A97E /* URLDataTaskPublisher+Convenience.swift */,
			);
			path = Extension;
			sourceTree = "<group>";
		};
		DED4209F25164BC100E5A97E /* Model */ = {
			isa = PBXGroup;
			children = (
				DED420A025164BC800E5A97E /* Comment.swift */,
			);
			path = Model;
			sourceTree = "<group>";
		};
		DED420A425164C0600E5A97E /* Redux */ = {
			isa = PBXGroup;
			children = (
				DED420A525164C1000E5A97E /* CommentsState.swift */,
				DED420A925164C3700E5A97E /* CommentsEvent.swift */,
				DED420AC25164C6300E5A97E /* CommentsReducer.swift */,
				DED420B025164D1A00E5A97E /* Store+Comments.swift */,
			);
			path = Redux;
			sourceTree = "<group>";
		};
/* End PBXGroup section */

/* Begin PBXNativeTarget section */
		DE5712B2251636F40069458F /* ReduxPrototype */ = {
			isa = PBXNativeTarget;
			buildConfigurationList = DE5712C2251636F70069458F /* Build configuration list for PBXNativeTarget "ReduxPrototype" */;
			buildPhases = (
				DE5712AF251636F40069458F /* Sources */,
				DE5712B0251636F40069458F /* Frameworks */,
				DE5712B1251636F40069458F /* Resources */,
			);
			buildRules = (
			);
			dependencies = (
			);
			name = ReduxPrototype;
			productName = ReduxPrototype;
			productReference = DE5712B3251636F40069458F /* ReduxPrototype.app */;
			productType = "com.apple.product-type.application";
		};
/* End PBXNativeTarget section */

/* Begin PBXProject section */
		DE5712AB251636F40069458F /* Project object */ = {
			isa = PBXProject;
			attributes = {
				LastSwiftUpdateCheck = 1200;
				LastUpgradeCheck = 1200;
				TargetAttributes = {
					DE5712B2251636F40069458F = {
						CreatedOnToolsVersion = 12.0;
					};
				};
			};
			buildConfigurationList = DE5712AE251636F40069458F /* Build configuration list for PBXProject "ReduxPrototype" */;
			compatibilityVersion = "Xcode 9.3";
			developmentRegion = en;
			hasScannedForEncodings = 0;
			knownRegions = (
				en,
				Base,
			);
			mainGroup = DE5712AA251636F40069458F;
			productRefGroup = DE5712B4251636F40069458F /* Products */;
			projectDirPath = "";
			projectRoot = "";
			targets = (
				DE5712B2251636F40069458F /* ReduxPrototype */,
			);
		};
/* End PBXProject section */

/* Begin PBXResourcesBuildPhase section */
		DE5712B1251636F40069458F /* Resources */ = {
			isa = PBXResourcesBuildPhase;
			buildActionMask = 2147483647;
			files = (
				DE5712BE251636F70069458F /* Preview Assets.xcassets in Resources */,
				DE5712BB251636F70069458F /* Assets.xcassets in Resources */,
			);
			runOnlyForDeploymentPostprocessing = 0;
		};
/* End PBXResourcesBuildPhase section */

/* Begin PBXSourcesBuildPhase section */
		DE5712AF251636F40069458F /* Sources */ = {
			isa = PBXSourcesBuildPhase;
			buildActionMask = 2147483647;
			files = (
				DE8FAAA225163C33004DFA0F /* PostsReducer.swift in Sources */,
				DED4209D25164B0500E5A97E /* URLDataTaskPublisher+Convenience.swift in Sources */,
				DE5712B7251636F40069458F /* ReduxPrototypeApp.swift in Sources */,
				DE66D01825163F7700084854 /* PostsService.swift in Sources */,
				DE5712CD251637920069458F /* HomeView.swift in Sources */,
				DE8FAA9F25163C05004DFA0F /* HomeReducer.swift in Sources */,
				DE8FAA9C25163BBF004DFA0F /* AppReducer.swift in Sources */,
				DE8FAAAA25163EB2004DFA0F /* NetworkClient.swift in Sources */,
				DE8FAA85251639FC004DFA0F /* AppState.swift in Sources */,
				DED420B425164DC600E5A97E /* CommentView.swift in Sources */,
				DED420B125164D1A00E5A97E /* Store+Comments.swift in Sources */,
				DED420A125164BC800E5A97E /* Comment.swift in Sources */,
				DE5712D8251637D40069458F /* CommentsView.swift in Sources */,
				DE8FAAA525163D53004DFA0F /* Store+Posts.swift in Sources */,
				DED420AD25164C6300E5A97E /* CommentsReducer.swift in Sources */,
				DE8FAA8825163A16004DFA0F /* HomeState.swift in Sources */,
				DE8FAA9325163B52004DFA0F /* AppEvent.swift in Sources */,
				DED420A625164C1000E5A97E /* CommentsState.swift in Sources */,
				DE8FAA82251639E1004DFA0F /* Store.swift in Sources */,
				DED4209725164AC600E5A97E /* CommentsSeervice.swift in Sources */,
				DE8FAA8B25163A28004DFA0F /* PostsState.swift in Sources */,
				DE5712D2251637A60069458F /* PostsView.swift in Sources */,
				DE8FAA9925163B74004DFA0F /* HomeEvent.swift in Sources */,
				DE8FAA9625163B5F004DFA0F /* PostsEvent.swift in Sources */,
				DED42091251648EE00E5A97E /* PostView.swift in Sources */,
				DED420AA25164C3700E5A97E /* CommentsEvent.swift in Sources */,
				DE8FAA8F25163A54004DFA0F /* Post.swift in Sources */,
			);
			runOnlyForDeploymentPostprocessing = 0;
		};
/* End PBXSourcesBuildPhase section */

/* Begin XCBuildConfiguration section */
		DE5712C0251636F70069458F /* Debug */ = {
			isa = XCBuildConfiguration;
			buildSettings = {
				ALWAYS_SEARCH_USER_PATHS = NO;
				CLANG_ANALYZER_NONNULL = YES;
				CLANG_ANALYZER_NUMBER_OBJECT_CONVERSION = YES_AGGRESSIVE;
				CLANG_CXX_LANGUAGE_STANDARD = "gnu++14";
				CLANG_CXX_LIBRARY = "libc++";
				CLANG_ENABLE_MODULES = YES;
				CLANG_ENABLE_OBJC_ARC = YES;
				CLANG_ENABLE_OBJC_WEAK = YES;
				CLANG_WARN_BLOCK_CAPTURE_AUTORELEASING = YES;
				CLANG_WARN_BOOL_CONVERSION = YES;
				CLANG_WARN_COMMA = YES;
				CLANG_WARN_CONSTANT_CONVERSION = YES;
				CLANG_WARN_DEPRECATED_OBJC_IMPLEMENTATIONS = YES;
				CLANG_WARN_DIRECT_OBJC_ISA_USAGE = YES_ERROR;
				CLANG_WARN_DOCUMENTATION_COMMENTS = YES;
				CLANG_WARN_EMPTY_BODY = YES;
				CLANG_WARN_ENUM_CONVERSION = YES;
				CLANG_WARN_INFINITE_RECURSION = YES;
				CLANG_WARN_INT_CONVERSION = YES;
				CLANG_WARN_NON_LITERAL_NULL_CONVERSION = YES;
				CLANG_WARN_OBJC_IMPLICIT_RETAIN_SELF = YES;
				CLANG_WARN_OBJC_LITERAL_CONVERSION = YES;
				CLANG_WARN_OBJC_ROOT_CLASS = YES_ERROR;
				CLANG_WARN_QUOTED_INCLUDE_IN_FRAMEWORK_HEADER = YES;
				CLANG_WARN_RANGE_LOOP_ANALYSIS = YES;
				CLANG_WARN_STRICT_PROTOTYPES = YES;
				CLANG_WARN_SUSPICIOUS_MOVE = YES;
				CLANG_WARN_UNGUARDED_AVAILABILITY = YES_AGGRESSIVE;
				CLANG_WARN_UNREACHABLE_CODE = YES;
				CLANG_WARN__DUPLICATE_METHOD_MATCH = YES;
				COPY_PHASE_STRIP = NO;
				DEBUG_INFORMATION_FORMAT = dwarf;
				ENABLE_STRICT_OBJC_MSGSEND = YES;
				ENABLE_TESTABILITY = YES;
				GCC_C_LANGUAGE_STANDARD = gnu11;
				GCC_DYNAMIC_NO_PIC = NO;
				GCC_NO_COMMON_BLOCKS = YES;
				GCC_OPTIMIZATION_LEVEL = 0;
				GCC_PREPROCESSOR_DEFINITIONS = (
					"DEBUG=1",
					"$(inherited)",
				);
				GCC_WARN_64_TO_32_BIT_CONVERSION = YES;
				GCC_WARN_ABOUT_RETURN_TYPE = YES_ERROR;
				GCC_WARN_UNDECLARED_SELECTOR = YES;
				GCC_WARN_UNINITIALIZED_AUTOS = YES_AGGRESSIVE;
				GCC_WARN_UNUSED_FUNCTION = YES;
				GCC_WARN_UNUSED_VARIABLE = YES;
				IPHONEOS_DEPLOYMENT_TARGET = 14.0;
				MTL_ENABLE_DEBUG_INFO = INCLUDE_SOURCE;
				MTL_FAST_MATH = YES;
				ONLY_ACTIVE_ARCH = YES;
				SDKROOT = iphoneos;
				SWIFT_ACTIVE_COMPILATION_CONDITIONS = DEBUG;
				SWIFT_OPTIMIZATION_LEVEL = "-Onone";
			};
			name = Debug;
		};
		DE5712C1251636F70069458F /* Release */ = {
			isa = XCBuildConfiguration;
			buildSettings = {
				ALWAYS_SEARCH_USER_PATHS = NO;
				CLANG_ANALYZER_NONNULL = YES;
				CLANG_ANALYZER_NUMBER_OBJECT_CONVERSION = YES_AGGRESSIVE;
				CLANG_CXX_LANGUAGE_STANDARD = "gnu++14";
				CLANG_CXX_LIBRARY = "libc++";
				CLANG_ENABLE_MODULES = YES;
				CLANG_ENABLE_OBJC_ARC = YES;
				CLANG_ENABLE_OBJC_WEAK = YES;
				CLANG_WARN_BLOCK_CAPTURE_AUTORELEASING = YES;
				CLANG_WARN_BOOL_CONVERSION = YES;
				CLANG_WARN_COMMA = YES;
				CLANG_WARN_CONSTANT_CONVERSION = YES;
				CLANG_WARN_DEPRECATED_OBJC_IMPLEMENTATIONS = YES;
				CLANG_WARN_DIRECT_OBJC_ISA_USAGE = YES_ERROR;
				CLANG_WARN_DOCUMENTATION_COMMENTS = YES;
				CLANG_WARN_EMPTY_BODY = YES;
				CLANG_WARN_ENUM_CONVERSION = YES;
				CLANG_WARN_INFINITE_RECURSION = YES;
				CLANG_WARN_INT_CONVERSION = YES;
				CLANG_WARN_NON_LITERAL_NULL_CONVERSION = YES;
				CLANG_WARN_OBJC_IMPLICIT_RETAIN_SELF = YES;
				CLANG_WARN_OBJC_LITERAL_CONVERSION = YES;
				CLANG_WARN_OBJC_ROOT_CLASS = YES_ERROR;
				CLANG_WARN_QUOTED_INCLUDE_IN_FRAMEWORK_HEADER = YES;
				CLANG_WARN_RANGE_LOOP_ANALYSIS = YES;
				CLANG_WARN_STRICT_PROTOTYPES = YES;
				CLANG_WARN_SUSPICIOUS_MOVE = YES;
				CLANG_WARN_UNGUARDED_AVAILABILITY = YES_AGGRESSIVE;
				CLANG_WARN_UNREACHABLE_CODE = YES;
				CLANG_WARN__DUPLICATE_METHOD_MATCH = YES;
				COPY_PHASE_STRIP = NO;
				DEBUG_INFORMATION_FORMAT = "dwarf-with-dsym";
				ENABLE_NS_ASSERTIONS = NO;
				ENABLE_STRICT_OBJC_MSGSEND = YES;
				GCC_C_LANGUAGE_STANDARD = gnu11;
				GCC_NO_COMMON_BLOCKS = YES;
				GCC_WARN_64_TO_32_BIT_CONVERSION = YES;
				GCC_WARN_ABOUT_RETURN_TYPE = YES_ERROR;
				GCC_WARN_UNDECLARED_SELECTOR = YES;
				GCC_WARN_UNINITIALIZED_AUTOS = YES_AGGRESSIVE;
				GCC_WARN_UNUSED_FUNCTION = YES;
				GCC_WARN_UNUSED_VARIABLE = YES;
				IPHONEOS_DEPLOYMENT_TARGET = 14.0;
				MTL_ENABLE_DEBUG_INFO = NO;
				MTL_FAST_MATH = YES;
				SDKROOT = iphoneos;
				SWIFT_COMPILATION_MODE = wholemodule;
				SWIFT_OPTIMIZATION_LEVEL = "-O";
				VALIDATE_PRODUCT = YES;
			};
			name = Release;
		};
		DE5712C3251636F70069458F /* Debug */ = {
			isa = XCBuildConfiguration;
			buildSettings = {
				ASSETCATALOG_COMPILER_APPICON_NAME = AppIcon;
				ASSETCATALOG_COMPILER_GLOBAL_ACCENT_COLOR_NAME = AccentColor;
				CODE_SIGN_STYLE = Automatic;
				DEVELOPMENT_ASSET_PATHS = "\"ReduxPrototype/Preview Content\"";
				ENABLE_PREVIEWS = YES;
				INFOPLIST_FILE = "ReduxPrototype/Supporting Files/Info.plist";
				IPHONEOS_DEPLOYMENT_TARGET = 14.0;
				LD_RUNPATH_SEARCH_PATHS = (
					"$(inherited)",
					"@executable_path/Frameworks",
				);
				PRODUCT_BUNDLE_IDENTIFIER = com.ReduxPrototype;
				PRODUCT_NAME = "$(TARGET_NAME)";
				SWIFT_VERSION = 5.0;
				TARGETED_DEVICE_FAMILY = "1,2";
			};
			name = Debug;
		};
		DE5712C4251636F70069458F /* Release */ = {
			isa = XCBuildConfiguration;
			buildSettings = {
				ASSETCATALOG_COMPILER_APPICON_NAME = AppIcon;
				ASSETCATALOG_COMPILER_GLOBAL_ACCENT_COLOR_NAME = AccentColor;
				CODE_SIGN_STYLE = Automatic;
				DEVELOPMENT_ASSET_PATHS = "\"ReduxPrototype/Preview Content\"";
				ENABLE_PREVIEWS = YES;
				INFOPLIST_FILE = "ReduxPrototype/Supporting Files/Info.plist";
				IPHONEOS_DEPLOYMENT_TARGET = 14.0;
				LD_RUNPATH_SEARCH_PATHS = (
					"$(inherited)",
					"@executable_path/Frameworks",
				);
				PRODUCT_BUNDLE_IDENTIFIER = com.ReduxPrototype;
				PRODUCT_NAME = "$(TARGET_NAME)";
				SWIFT_VERSION = 5.0;
				TARGETED_DEVICE_FAMILY = "1,2";
			};
			name = Release;
		};
/* End XCBuildConfiguration section */

/* Begin XCConfigurationList section */
		DE5712AE251636F40069458F /* Build configuration list for PBXProject "ReduxPrototype" */ = {
			isa = XCConfigurationList;
			buildConfigurations = (
				DE5712C0251636F70069458F /* Debug */,
				DE5712C1251636F70069458F /* Release */,
			);
			defaultConfigurationIsVisible = 0;
			defaultConfigurationName = Release;
		};
		DE5712C2251636F70069458F /* Build configuration list for PBXNativeTarget "ReduxPrototype" */ = {
			isa = XCConfigurationList;
			buildConfigurations = (
				DE5712C3251636F70069458F /* Debug */,
				DE5712C4251636F70069458F /* Release */,
			);
			defaultConfigurationIsVisible = 0;
			defaultConfigurationName = Release;
		};
/* End XCConfigurationList section */
	};
	rootObject = DE5712AB251636F40069458F /* Project object */;
}
